// !$*UTF8*$!
{
	archiveVersion = 1;
	classes = {
	};
	objectVersion = 56;
	objects = {

/* Begin PBXBuildFile section */
		4265FF3A2BCC3E7C005AC60A /* AppDelegate.swift in Sources */ = {isa = PBXBuildFile; fileRef = 4265FF392BCC3E7C005AC60A /* AppDelegate.swift */; };
		4265FF3C2BCC3E7C005AC60A /* SceneDelegate.swift in Sources */ = {isa = PBXBuildFile; fileRef = 4265FF3B2BCC3E7C005AC60A /* SceneDelegate.swift */; };
		4265FF3E2BCC3E7C005AC60A /* ViewController.swift in Sources */ = {isa = PBXBuildFile; fileRef = 4265FF3D2BCC3E7C005AC60A /* ViewController.swift */; };
		4265FF412BCC3E7C005AC60A /* Base in Resources */ = {isa = PBXBuildFile; fileRef = 4265FF402BCC3E7C005AC60A /* Base */; };
		4265FF432BCC3E7E005AC60A /* Assets.xcassets in Resources */ = {isa = PBXBuildFile; fileRef = 4265FF422BCC3E7E005AC60A /* Assets.xcassets */; };
		4265FF462BCC3E7E005AC60A /* Base in Resources */ = {isa = PBXBuildFile; fileRef = 4265FF452BCC3E7E005AC60A /* Base */; };
		4265FF522BCC70EE005AC60A /* GameViewController.swift in Sources */ = {isa = PBXBuildFile; fileRef = 4265FF512BCC70EE005AC60A /* GameViewController.swift */; };
		429971A82BFC906B009AEBF6 /* Keys.swift in Sources */ = {isa = PBXBuildFile; fileRef = 429971A72BFC906B009AEBF6 /* Keys.swift */; };
		42C30F872C03755E00518C1D /* SaveLoadManager.swift in Sources */ = {isa = PBXBuildFile; fileRef = 42C30F862C03755E00518C1D /* SaveLoadManager.swift */; };
		42C30F892C03E66B00518C1D /* ImageManager.swift in Sources */ = {isa = PBXBuildFile; fileRef = 42C30F882C03E66B00518C1D /* ImageManager.swift */; };
		42E0D2BF2BFBF3950005FA87 /* Settings.swift in Sources */ = {isa = PBXBuildFile; fileRef = 42E0D2BE2BFBF3950005FA87 /* Settings.swift */; };
		42E571B62BDECCB40094CCA2 /* AchievmentsViewController.swift in Sources */ = {isa = PBXBuildFile; fileRef = 42E571B52BDECCB40094CCA2 /* AchievmentsViewController.swift */; };
		42E571B82BDECCC60094CCA2 /* SettingsViewController.swift in Sources */ = {isa = PBXBuildFile; fileRef = 42E571B72BDECCC60094CCA2 /* SettingsViewController.swift */; };
		69936CDA0F08CCFE65239E5B /* Pods_Racing.framework in Frameworks */ = {isa = PBXBuildFile; fileRef = F7CAACB987187087D6B0E928 /* Pods_Racing.framework */; };
/* End PBXBuildFile section */

/* Begin PBXFileReference section */
		0487E8D94A8DB2E48C9CD1F7 /* Pods-Racing.release.xcconfig */ = {isa = PBXFileReference; includeInIndex = 1; lastKnownFileType = text.xcconfig; name = "Pods-Racing.release.xcconfig"; path = "Target Support Files/Pods-Racing/Pods-Racing.release.xcconfig"; sourceTree = "<group>"; };
		4265FF362BCC3E7C005AC60A /* Racing.app */ = {isa = PBXFileReference; explicitFileType = wrapper.application; includeInIndex = 0; path = Racing.app; sourceTree = BUILT_PRODUCTS_DIR; };
		4265FF392BCC3E7C005AC60A /* AppDelegate.swift */ = {isa = PBXFileReference; lastKnownFileType = sourcecode.swift; path = AppDelegate.swift; sourceTree = "<group>"; };
		4265FF3B2BCC3E7C005AC60A /* SceneDelegate.swift */ = {isa = PBXFileReference; lastKnownFileType = sourcecode.swift; path = SceneDelegate.swift; sourceTree = "<group>"; };
		4265FF3D2BCC3E7C005AC60A /* ViewController.swift */ = {isa = PBXFileReference; lastKnownFileType = sourcecode.swift; path = ViewController.swift; sourceTree = "<group>"; };
		4265FF402BCC3E7C005AC60A /* Base */ = {isa = PBXFileReference; lastKnownFileType = file.storyboard; name = Base; path = Base.lproj/Main.storyboard; sourceTree = "<group>"; };
		4265FF422BCC3E7E005AC60A /* Assets.xcassets */ = {isa = PBXFileReference; lastKnownFileType = folder.assetcatalog; path = Assets.xcassets; sourceTree = "<group>"; };
		4265FF452BCC3E7E005AC60A /* Base */ = {isa = PBXFileReference; lastKnownFileType = file.storyboard; name = Base; path = Base.lproj/LaunchScreen.storyboard; sourceTree = "<group>"; };
		4265FF472BCC3E7E005AC60A /* Info.plist */ = {isa = PBXFileReference; lastKnownFileType = text.plist.xml; path = Info.plist; sourceTree = "<group>"; };
		4265FF512BCC70EE005AC60A /* GameViewController.swift */ = {isa = PBXFileReference; lastKnownFileType = sourcecode.swift; path = GameViewController.swift; sourceTree = "<group>"; };
		429971A72BFC906B009AEBF6 /* Keys.swift */ = {isa = PBXFileReference; lastKnownFileType = sourcecode.swift; path = Keys.swift; sourceTree = "<group>"; };
		42C30F862C03755E00518C1D /* SaveLoadManager.swift */ = {isa = PBXFileReference; lastKnownFileType = sourcecode.swift; path = SaveLoadManager.swift; sourceTree = "<group>"; };
		42C30F882C03E66B00518C1D /* ImageManager.swift */ = {isa = PBXFileReference; lastKnownFileType = sourcecode.swift; path = ImageManager.swift; sourceTree = "<group>"; };
		42E0D2BE2BFBF3950005FA87 /* Settings.swift */ = {isa = PBXFileReference; lastKnownFileType = sourcecode.swift; path = Settings.swift; sourceTree = "<group>"; };
		42E571B52BDECCB40094CCA2 /* AchievmentsViewController.swift */ = {isa = PBXFileReference; lastKnownFileType = sourcecode.swift; path = AchievmentsViewController.swift; sourceTree = "<group>"; };
		42E571B72BDECCC60094CCA2 /* SettingsViewController.swift */ = {isa = PBXFileReference; lastKnownFileType = sourcecode.swift; path = SettingsViewController.swift; sourceTree = "<group>"; };
		A9D69143512B41F0393B92D0 /* Pods-Racing.debug.xcconfig */ = {isa = PBXFileReference; includeInIndex = 1; lastKnownFileType = text.xcconfig; name = "Pods-Racing.debug.xcconfig"; path = "Target Support Files/Pods-Racing/Pods-Racing.debug.xcconfig"; sourceTree = "<group>"; };
		F7CAACB987187087D6B0E928 /* Pods_Racing.framework */ = {isa = PBXFileReference; explicitFileType = wrapper.framework; includeInIndex = 0; path = Pods_Racing.framework; sourceTree = BUILT_PRODUCTS_DIR; };
/* End PBXFileReference section */

/* Begin PBXFrameworksBuildPhase section */
		4265FF332BCC3E7C005AC60A /* Frameworks */ = {
			isa = PBXFrameworksBuildPhase;
			buildActionMask = 2147483647;
			files = (
				69936CDA0F08CCFE65239E5B /* Pods_Racing.framework in Frameworks */,
			);
			runOnlyForDeploymentPostprocessing = 0;
		};
/* End PBXFrameworksBuildPhase section */

/* Begin PBXGroup section */
		1DE5E049E8603F7946626B9D /* Pods */ = {
			isa = PBXGroup;
			children = (
				A9D69143512B41F0393B92D0 /* Pods-Racing.debug.xcconfig */,
				0487E8D94A8DB2E48C9CD1F7 /* Pods-Racing.release.xcconfig */,
			);
			path = Pods;
			sourceTree = "<group>";
		};
		4265FF2D2BCC3E7C005AC60A = {
			isa = PBXGroup;
			children = (
				4265FF382BCC3E7C005AC60A /* Racing */,
				4265FF372BCC3E7C005AC60A /* Products */,
				1DE5E049E8603F7946626B9D /* Pods */,
				C2813CC712F52F9E53E92B8E /* Frameworks */,
			);
			sourceTree = "<group>";
		};
		4265FF372BCC3E7C005AC60A /* Products */ = {
			isa = PBXGroup;
			children = (
				4265FF362BCC3E7C005AC60A /* Racing.app */,
			);
			name = Products;
			sourceTree = "<group>";
		};
		4265FF382BCC3E7C005AC60A /* Racing */ = {
			isa = PBXGroup;
			children = (
				4265FF392BCC3E7C005AC60A /* AppDelegate.swift */,
				4265FF3B2BCC3E7C005AC60A /* SceneDelegate.swift */,
				4265FF3D2BCC3E7C005AC60A /* ViewController.swift */,
				4265FF512BCC70EE005AC60A /* GameViewController.swift */,
				42E571B52BDECCB40094CCA2 /* AchievmentsViewController.swift */,
				42E571B72BDECCC60094CCA2 /* SettingsViewController.swift */,
				42E0D2BE2BFBF3950005FA87 /* Settings.swift */,
				429971A72BFC906B009AEBF6 /* Keys.swift */,
				4265FF3F2BCC3E7C005AC60A /* Main.storyboard */,
				4265FF422BCC3E7E005AC60A /* Assets.xcassets */,
				4265FF442BCC3E7E005AC60A /* LaunchScreen.storyboard */,
				4265FF472BCC3E7E005AC60A /* Info.plist */,
				42C30F862C03755E00518C1D /* SaveLoadManager.swift */,
				42C30F882C03E66B00518C1D /* ImageManager.swift */,
			);
			path = Racing;
			sourceTree = "<group>";
		};
		C2813CC712F52F9E53E92B8E /* Frameworks */ = {
			isa = PBXGroup;
			children = (
				F7CAACB987187087D6B0E928 /* Pods_Racing.framework */,
			);
			name = Frameworks;
			sourceTree = "<group>";
		};
/* End PBXGroup section */

/* Begin PBXNativeTarget section */
		4265FF352BCC3E7C005AC60A /* Racing */ = {
			isa = PBXNativeTarget;
			buildConfigurationList = 4265FF4A2BCC3E7E005AC60A /* Build configuration list for PBXNativeTarget "Racing" */;
			buildPhases = (
				DA069843DE7A3858CD8141EA /* [CP] Check Pods Manifest.lock */,
				4265FF322BCC3E7C005AC60A /* Sources */,
				4265FF332BCC3E7C005AC60A /* Frameworks */,
				4265FF342BCC3E7C005AC60A /* Resources */,
				ED86A25DA8D3205BBCFEAAC3 /* [CP] Embed Pods Frameworks */,
			);
			buildRules = (
			);
			dependencies = (
			);
			name = Racing;
			productName = Racing;
			productReference = 4265FF362BCC3E7C005AC60A /* Racing.app */;
			productType = "com.apple.product-type.application";
		};
/* End PBXNativeTarget section */

/* Begin PBXProject section */
		4265FF2E2BCC3E7C005AC60A /* Project object */ = {
			isa = PBXProject;
			attributes = {
				BuildIndependentTargetsInParallel = 1;
				LastSwiftUpdateCheck = 1530;
				LastUpgradeCheck = 1530;
				TargetAttributes = {
					4265FF352BCC3E7C005AC60A = {
						CreatedOnToolsVersion = 15.3;
					};
				};
			};
			buildConfigurationList = 4265FF312BCC3E7C005AC60A /* Build configuration list for PBXProject "Racing" */;
			compatibilityVersion = "Xcode 14.0";
			developmentRegion = en;
			hasScannedForEncodings = 0;
			knownRegions = (
				en,
				Base,
			);
			mainGroup = 4265FF2D2BCC3E7C005AC60A;
			productRefGroup = 4265FF372BCC3E7C005AC60A /* Products */;
			projectDirPath = "";
			projectRoot = "";
			targets = (
				4265FF352BCC3E7C005AC60A /* Racing */,
			);
		};
/* End PBXProject section */

/* Begin PBXResourcesBuildPhase section */
		4265FF342BCC3E7C005AC60A /* Resources */ = {
			isa = PBXResourcesBuildPhase;
			buildActionMask = 2147483647;
			files = (
				4265FF432BCC3E7E005AC60A /* Assets.xcassets in Resources */,
				4265FF462BCC3E7E005AC60A /* Base in Resources */,
				4265FF412BCC3E7C005AC60A /* Base in Resources */,
			);
			runOnlyForDeploymentPostprocessing = 0;
		};
/* End PBXResourcesBuildPhase section */

/* Begin PBXShellScriptBuildPhase section */
		DA069843DE7A3858CD8141EA /* [CP] Check Pods Manifest.lock */ = {
			isa = PBXShellScriptBuildPhase;
			buildActionMask = 2147483647;
			files = (
			);
			inputFileListPaths = (
			);
			inputPaths = (
				"${PODS_PODFILE_DIR_PATH}/Podfile.lock",
				"${PODS_ROOT}/Manifest.lock",
			);
			name = "[CP] Check Pods Manifest.lock";
			outputFileListPaths = (
			);
			outputPaths = (
				"$(DERIVED_FILE_DIR)/Pods-Racing-checkManifestLockResult.txt",
			);
			runOnlyForDeploymentPostprocessing = 0;
			shellPath = /bin/sh;
			shellScript = "diff \"${PODS_PODFILE_DIR_PATH}/Podfile.lock\" \"${PODS_ROOT}/Manifest.lock\" > /dev/null\nif [ $? != 0 ] ; then\n    # print error to STDERR\n    echo \"error: The sandbox is not in sync with the Podfile.lock. Run 'pod install' or update your CocoaPods installation.\" >&2\n    exit 1\nfi\n# This output is used by Xcode 'outputs' to avoid re-running this script phase.\necho \"SUCCESS\" > \"${SCRIPT_OUTPUT_FILE_0}\"\n";
			showEnvVarsInLog = 0;
		};
		ED86A25DA8D3205BBCFEAAC3 /* [CP] Embed Pods Frameworks */ = {
			isa = PBXShellScriptBuildPhase;
			buildActionMask = 2147483647;
			files = (
			);
			inputFileListPaths = (
				"${PODS_ROOT}/Target Support Files/Pods-Racing/Pods-Racing-frameworks-${CONFIGURATION}-input-files.xcfilelist",
			);
			name = "[CP] Embed Pods Frameworks";
			outputFileListPaths = (
				"${PODS_ROOT}/Target Support Files/Pods-Racing/Pods-Racing-frameworks-${CONFIGURATION}-output-files.xcfilelist",
			);
			runOnlyForDeploymentPostprocessing = 0;
			shellPath = /bin/sh;
			shellScript = "\"${PODS_ROOT}/Target Support Files/Pods-Racing/Pods-Racing-frameworks.sh\"\n";
			showEnvVarsInLog = 0;
		};
/* End PBXShellScriptBuildPhase section */

/* Begin PBXSourcesBuildPhase section */
		4265FF322BCC3E7C005AC60A /* Sources */ = {
			isa = PBXSourcesBuildPhase;
			buildActionMask = 2147483647;
			files = (
				4265FF522BCC70EE005AC60A /* GameViewController.swift in Sources */,
				42C30F892C03E66B00518C1D /* ImageManager.swift in Sources */,
				42C30F872C03755E00518C1D /* SaveLoadManager.swift in Sources */,
				429971A82BFC906B009AEBF6 /* Keys.swift in Sources */,
				4265FF3E2BCC3E7C005AC60A /* ViewController.swift in Sources */,
				4265FF3A2BCC3E7C005AC60A /* AppDelegate.swift in Sources */,
				4265FF3C2BCC3E7C005AC60A /* SceneDelegate.swift in Sources */,
				42E0D2BF2BFBF3950005FA87 /* Settings.swift in Sources */,
				42E571B62BDECCB40094CCA2 /* AchievmentsViewController.swift in Sources */,
				42E571B82BDECCC60094CCA2 /* SettingsViewController.swift in Sources */,
			);
			runOnlyForDeploymentPostprocessing = 0;
		};
/* End PBXSourcesBuildPhase section */

/* Begin PBXVariantGroup section */
		4265FF3F2BCC3E7C005AC60A /* Main.storyboard */ = {
			isa = PBXVariantGroup;
			children = (
				4265FF402BCC3E7C005AC60A /* Base */,
			);
			name = Main.storyboard;
			sourceTree = "<group>";
		};
		4265FF442BCC3E7E005AC60A /* LaunchScreen.storyboard */ = {
			isa = PBXVariantGroup;
			children = (
				4265FF452BCC3E7E005AC60A /* Base */,
			);
			name = LaunchScreen.storyboard;
			sourceTree = "<group>";
		};
/* End PBXVariantGroup section */

/* Begin XCBuildConfiguration section */
		4265FF482BCC3E7E005AC60A /* Debug */ = {
			isa = XCBuildConfiguration;
			buildSettings = {
				ALWAYS_SEARCH_USER_PATHS = NO;
				ASSETCATALOG_COMPILER_GENERATE_SWIFT_ASSET_SYMBOL_EXTENSIONS = YES;
				CLANG_ANALYZER_NONNULL = YES;
				CLANG_ANALYZER_NUMBER_OBJECT_CONVERSION = YES_AGGRESSIVE;
				CLANG_CXX_LANGUAGE_STANDARD = "gnu++20";
				CLANG_ENABLE_MODULES = YES;
				CLANG_ENABLE_OBJC_ARC = YES;
				CLANG_ENABLE_OBJC_WEAK = YES;
				CLANG_WARN_BLOCK_CAPTURE_AUTORELEASING = YES;
				CLANG_WARN_BOOL_CONVERSION = YES;
				CLANG_WARN_COMMA = YES;
				CLANG_WARN_CONSTANT_CONVERSION = YES;
				CLANG_WARN_DEPRECATED_OBJC_IMPLEMENTATIONS = YES;
				CLANG_WARN_DIRECT_OBJC_ISA_USAGE = YES_ERROR;
				CLANG_WARN_DOCUMENTATION_COMMENTS = YES;
				CLANG_WARN_EMPTY_BODY = YES;
				CLANG_WARN_ENUM_CONVERSION = YES;
				CLANG_WARN_INFINITE_RECURSION = YES;
				CLANG_WARN_INT_CONVERSION = YES;
				CLANG_WARN_NON_LITERAL_NULL_CONVERSION = YES;
				CLANG_WARN_OBJC_IMPLICIT_RETAIN_SELF = YES;
				CLANG_WARN_OBJC_LITERAL_CONVERSION = YES;
				CLANG_WARN_OBJC_ROOT_CLASS = YES_ERROR;
				CLANG_WARN_QUOTED_INCLUDE_IN_FRAMEWORK_HEADER = YES;
				CLANG_WARN_RANGE_LOOP_ANALYSIS = YES;
				CLANG_WARN_STRICT_PROTOTYPES = YES;
				CLANG_WARN_SUSPICIOUS_MOVE = YES;
				CLANG_WARN_UNGUARDED_AVAILABILITY = YES_AGGRESSIVE;
				CLANG_WARN_UNREACHABLE_CODE = YES;
				CLANG_WARN__DUPLICATE_METHOD_MATCH = YES;
				COPY_PHASE_STRIP = NO;
				DEBUG_INFORMATION_FORMAT = dwarf;
				ENABLE_STRICT_OBJC_MSGSEND = YES;
				ENABLE_TESTABILITY = YES;
				ENABLE_USER_SCRIPT_SANDBOXING = NO;
				GCC_C_LANGUAGE_STANDARD = gnu17;
				GCC_DYNAMIC_NO_PIC = NO;
				GCC_NO_COMMON_BLOCKS = YES;
				GCC_OPTIMIZATION_LEVEL = 0;
				GCC_PREPROCESSOR_DEFINITIONS = (
					"DEBUG=1",
					"$(inherited)",
				);
				GCC_WARN_64_TO_32_BIT_CONVERSION = YES;
				GCC_WARN_ABOUT_RETURN_TYPE = YES_ERROR;
				GCC_WARN_UNDECLARED_SELECTOR = YES;
				GCC_WARN_UNINITIALIZED_AUTOS = YES_AGGRESSIVE;
				GCC_WARN_UNUSED_FUNCTION = YES;
				GCC_WARN_UNUSED_VARIABLE = YES;
				IPHONEOS_DEPLOYMENT_TARGET = 17.4;
				LOCALIZATION_PREFERS_STRING_CATALOGS = YES;
				MTL_ENABLE_DEBUG_INFO = INCLUDE_SOURCE;
				MTL_FAST_MATH = YES;
				ONLY_ACTIVE_ARCH = YES;
				SDKROOT = iphoneos;
				SWIFT_ACTIVE_COMPILATION_CONDITIONS = "DEBUG $(inherited)";
				SWIFT_OPTIMIZATION_LEVEL = "-Onone";
			};
			name = Debug;
		};
		4265FF492BCC3E7E005AC60A /* Release */ = {
			isa = XCBuildConfiguration;
			buildSettings = {
				ALWAYS_SEARCH_USER_PATHS = NO;
				ASSETCATALOG_COMPILER_GENERATE_SWIFT_ASSET_SYMBOL_EXTENSIONS = YES;
				CLANG_ANALYZER_NONNULL = YES;
				CLANG_ANALYZER_NUMBER_OBJECT_CONVERSION = YES_AGGRESSIVE;
				CLANG_CXX_LANGUAGE_STANDARD = "gnu++20";
				CLANG_ENABLE_MODULES = YES;
				CLANG_ENABLE_OBJC_ARC = YES;
				CLANG_ENABLE_OBJC_WEAK = YES;
				CLANG_WARN_BLOCK_CAPTURE_AUTORELEASING = YES;
				CLANG_WARN_BOOL_CONVERSION = YES;
				CLANG_WARN_COMMA = YES;
				CLANG_WARN_CONSTANT_CONVERSION = YES;
				CLANG_WARN_DEPRECATED_OBJC_IMPLEMENTATIONS = YES;
				CLANG_WARN_DIRECT_OBJC_ISA_USAGE = YES_ERROR;
				CLANG_WARN_DOCUMENTATION_COMMENTS = YES;
				CLANG_WARN_EMPTY_BODY = YES;
				CLANG_WARN_ENUM_CONVERSION = YES;
				CLANG_WARN_INFINITE_RECURSION = YES;
				CLANG_WARN_INT_CONVERSION = YES;
				CLANG_WARN_NON_LITERAL_NULL_CONVERSION = YES;
				CLANG_WARN_OBJC_IMPLICIT_RETAIN_SELF = YES;
				CLANG_WARN_OBJC_LITERAL_CONVERSION = YES;
				CLANG_WARN_OBJC_ROOT_CLASS = YES_ERROR;
				CLANG_WARN_QUOTED_INCLUDE_IN_FRAMEWORK_HEADER = YES;
				CLANG_WARN_RANGE_LOOP_ANALYSIS = YES;
				CLANG_WARN_STRICT_PROTOTYPES = YES;
				CLANG_WARN_SUSPICIOUS_MOVE = YES;
				CLANG_WARN_UNGUARDED_AVAILABILITY = YES_AGGRESSIVE;
				CLANG_WARN_UNREACHABLE_CODE = YES;
				CLANG_WARN__DUPLICATE_METHOD_MATCH = YES;
				COPY_PHASE_STRIP = NO;
				DEBUG_INFORMATION_FORMAT = "dwarf-with-dsym";
				ENABLE_NS_ASSERTIONS = NO;
				ENABLE_STRICT_OBJC_MSGSEND = YES;
				ENABLE_USER_SCRIPT_SANDBOXING = NO;
				GCC_C_LANGUAGE_STANDARD = gnu17;
				GCC_NO_COMMON_BLOCKS = YES;
				GCC_WARN_64_TO_32_BIT_CONVERSION = YES;
				GCC_WARN_ABOUT_RETURN_TYPE = YES_ERROR;
				GCC_WARN_UNDECLARED_SELECTOR = YES;
				GCC_WARN_UNINITIALIZED_AUTOS = YES_AGGRESSIVE;
				GCC_WARN_UNUSED_FUNCTION = YES;
				GCC_WARN_UNUSED_VARIABLE = YES;
				IPHONEOS_DEPLOYMENT_TARGET = 17.4;
				LOCALIZATION_PREFERS_STRING_CATALOGS = YES;
				MTL_ENABLE_DEBUG_INFO = NO;
				MTL_FAST_MATH = YES;
				SDKROOT = iphoneos;
				SWIFT_COMPILATION_MODE = wholemodule;
				VALIDATE_PRODUCT = YES;
			};
			name = Release;
		};
		4265FF4B2BCC3E7E005AC60A /* Debug */ = {
			isa = XCBuildConfiguration;
			baseConfigurationReference = A9D69143512B41F0393B92D0 /* Pods-Racing.debug.xcconfig */;
			buildSettings = {
				ASSETCATALOG_COMPILER_APPICON_NAME = AppIcon;
				ASSETCATALOG_COMPILER_GLOBAL_ACCENT_COLOR_NAME = AccentColor;
				CODE_SIGN_STYLE = Automatic;
				CURRENT_PROJECT_VERSION = 1;
				GENERATE_INFOPLIST_FILE = YES;
				INFOPLIST_FILE = Racing/Info.plist;
				INFOPLIST_KEY_UIApplicationSupportsIndirectInputEvents = YES;
				INFOPLIST_KEY_UILaunchStoryboardName = LaunchScreen;
				INFOPLIST_KEY_UIMainStoryboardFile = Main;
				INFOPLIST_KEY_UISupportedInterfaceOrientations = UIInterfaceOrientationPortrait;
				INFOPLIST_KEY_UISupportedInterfaceOrientations_iPad = "UIInterfaceOrientationLandscapeLeft UIInterfaceOrientationLandscapeRight UIInterfaceOrientationPortrait UIInterfaceOrientationPortraitUpsideDown";
				IPHONEOS_DEPLOYMENT_TARGET = 15.0;
				LD_RUNPATH_SEARCH_PATHS = (
					"$(inherited)",
					"@executable_path/Frameworks",
				);
				MARKETING_VERSION = 1.0;
				PRODUCT_BUNDLE_IDENTIFIER = com.MDziarkach.Racing;
				PRODUCT_NAME = "$(TARGET_NAME)";
				SUPPORTED_PLATFORMS = "iphoneos iphonesimulator";
				SUPPORTS_MACCATALYST = NO;
				SUPPORTS_MAC_DESIGNED_FOR_IPHONE_IPAD = NO;
				SUPPORTS_XR_DESIGNED_FOR_IPHONE_IPAD = NO;
				SWIFT_EMIT_LOC_STRINGS = YES;
				SWIFT_VERSION = 5.0;
				TARGETED_DEVICE_FAMILY = 1;
			};
			name = Debug;
		};
		4265FF4C2BCC3E7E005AC60A /* Release */ = {
			isa = XCBuildConfiguration;
			baseConfigurationReference = 0487E8D94A8DB2E48C9CD1F7 /* Pods-Racing.release.xcconfig */;
			buildSettings = {
				ASSETCATALOG_COMPILER_APPICON_NAME = AppIcon;
				ASSETCATALOG_COMPILER_GLOBAL_ACCENT_COLOR_NAME = AccentColor;
				CODE_SIGN_STYLE = Automatic;
				CURRENT_PROJECT_VERSION = 1;
				GENERATE_INFOPLIST_FILE = YES;
				INFOPLIST_FILE = Racing/Info.plist;
				INFOPLIST_KEY_UIApplicationSupportsIndirectInputEvents = YES;
				INFOPLIST_KEY_UILaunchStoryboardName = LaunchScreen;
				INFOPLIST_KEY_UIMainStoryboardFile = Main;
				INFOPLIST_KEY_UISupportedInterfaceOrientations = UIInterfaceOrientationPortrait;
				INFOPLIST_KEY_UISupportedInterfaceOrientations_iPad = "UIInterfaceOrientationLandscapeLeft UIInterfaceOrientationLandscapeRight UIInterfaceOrientationPortrait UIInterfaceOrientationPortraitUpsideDown";
				IPHONEOS_DEPLOYMENT_TARGET = 15.0;
				LD_RUNPATH_SEARCH_PATHS = (
					"$(inherited)",
					"@executable_path/Frameworks",
				);
				MARKETING_VERSION = 1.0;
				PRODUCT_BUNDLE_IDENTIFIER = com.MDziarkach.Racing;
				PRODUCT_NAME = "$(TARGET_NAME)";
				SUPPORTED_PLATFORMS = "iphoneos iphonesimulator";
				SUPPORTS_MACCATALYST = NO;
				SUPPORTS_MAC_DESIGNED_FOR_IPHONE_IPAD = NO;
				SUPPORTS_XR_DESIGNED_FOR_IPHONE_IPAD = NO;
				SWIFT_EMIT_LOC_STRINGS = YES;
				SWIFT_VERSION = 5.0;
				TARGETED_DEVICE_FAMILY = 1;
			};
			name = Release;
		};
/* End XCBuildConfiguration section */

/* Begin XCConfigurationList section */
		4265FF312BCC3E7C005AC60A /* Build configuration list for PBXProject "Racing" */ = {
			isa = XCConfigurationList;
			buildConfigurations = (
				4265FF482BCC3E7E005AC60A /* Debug */,
				4265FF492BCC3E7E005AC60A /* Release */,
			);
			defaultConfigurationIsVisible = 0;
			defaultConfigurationName = Release;
		};
		4265FF4A2BCC3E7E005AC60A /* Build configuration list for PBXNativeTarget "Racing" */ = {
			isa = XCConfigurationList;
			buildConfigurations = (
				4265FF4B2BCC3E7E005AC60A /* Debug */,
				4265FF4C2BCC3E7E005AC60A /* Release */,
			);
			defaultConfigurationIsVisible = 0;
			defaultConfigurationName = Release;
		};
/* End XCConfigurationList section */
	};
	rootObject = 4265FF2E2BCC3E7C005AC60A /* Project object */;
}
